
Microsoft Visual Studio Solution File, Format Version 12.00
# Visual Studio Version 17
VisualStudioVersion = 17.9.34902.65
MinimumVisualStudioVersion = 10.0.40219.1
Project("{FAE04EC0-301F-11D3-BF4B-00C04F79EFBC}") = "Composition", "Composition\Composition.csproj", "{CD148FA6-D336-494C-B9D0-D633492C90C6}"
EndProject
Global
	GlobalSection(SolutionConfigurationPlatforms) = preSolution
		Debug|Any CPU = Debug|Any CPU
		Release|Any CPU = Release|Any CPU
	EndGlobalSection
	GlobalSection(ProjectConfigurationPlatforms) = postSolution
		{CD148FA6-D336-494C-B9D0-D633492C90C6}.Debug|Any CPU.ActiveCfg = Debug|Any CPU
		{CD148FA6-D336-494C-B9D0-D633492C90C6}.Debug|Any CPU.Build.0 = Debug|Any CPU
		{CD148FA6-D336-494C-B9D0-D633492C90C6}.Release|Any CPU.ActiveCfg = Release|Any CPU
		{CD148FA6-D336-494C-B9D0-D633492C90C6}.Release|Any CPU.Build.0 = Release|Any CPU
	EndGlobalSection
	GlobalSection(SolutionProperties) = preSolution
		HideSolutionNode = FALSE
	EndGlobalSection
	GlobalSection(ExtensibilityGlobals) = postSolution
		SolutionGuid = {BDC65722-F0DD-4BEF-AFE4-C6E4CB857E67}
	EndGlobalSection
EndGlobal
