
Microsoft Visual Studio Solution File, Format Version 12.00
# Visual Studio Version 17
VisualStudioVersion = 17.9.34902.65
MinimumVisualStudioVersion = 10.0.40219.1
Project("{FAE04EC0-301F-11D3-BF4B-00C04F79EFBC}") = "Genericss", "Genericss\Genericss.csproj", "{46CFD5AE-89B7-4645-BF49-72A29C63A3BC}"
EndProject
Global
	GlobalSection(SolutionConfigurationPlatforms) = preSolution
		Debug|Any CPU = Debug|Any CPU
		Release|Any CPU = Release|Any CPU
	EndGlobalSection
	GlobalSection(ProjectConfigurationPlatforms) = postSolution
		{46CFD5AE-89B7-4645-BF49-72A29C63A3BC}.Debug|Any CPU.ActiveCfg = Debug|Any CPU
		{46CFD5AE-89B7-4645-BF49-72A29C63A3BC}.Debug|Any CPU.Build.0 = Debug|Any CPU
		{46CFD5AE-89B7-4645-BF49-72A29C63A3BC}.Release|Any CPU.ActiveCfg = Release|Any CPU
		{46CFD5AE-89B7-4645-BF49-72A29C63A3BC}.Release|Any CPU.Build.0 = Release|Any CPU
	EndGlobalSection
	GlobalSection(SolutionProperties) = preSolution
		HideSolutionNode = FALSE
	EndGlobalSection
	GlobalSection(ExtensibilityGlobals) = postSolution
		SolutionGuid = {82ABEDDA-D093-4D0C-96EE-0CDFB27FF942}
	EndGlobalSection
EndGlobal
