
Microsoft Visual Studio Solution File, Format Version 12.00
# Visual Studio Version 17
VisualStudioVersion = 17.9.34902.65
MinimumVisualStudioVersion = 10.0.40219.1
Project("{FAE04EC0-301F-11D3-BF4B-00C04F79EFBC}") = "ExeVetores", "ExeVetores\ExeVetores.csproj", "{AC60FF7B-D4A3-4EDF-B931-59FC74511420}"
EndProject
Global
	GlobalSection(SolutionConfigurationPlatforms) = preSolution
		Debug|Any CPU = Debug|Any CPU
		Release|Any CPU = Release|Any CPU
	EndGlobalSection
	GlobalSection(ProjectConfigurationPlatforms) = postSolution
		{AC60FF7B-D4A3-4EDF-B931-59FC74511420}.Debug|Any CPU.ActiveCfg = Debug|Any CPU
		{AC60FF7B-D4A3-4EDF-B931-59FC74511420}.Debug|Any CPU.Build.0 = Debug|Any CPU
		{AC60FF7B-D4A3-4EDF-B931-59FC74511420}.Release|Any CPU.ActiveCfg = Release|Any CPU
		{AC60FF7B-D4A3-4EDF-B931-59FC74511420}.Release|Any CPU.Build.0 = Release|Any CPU
	EndGlobalSection
	GlobalSection(SolutionProperties) = preSolution
		HideSolutionNode = FALSE
	EndGlobalSection
	GlobalSection(ExtensibilityGlobals) = postSolution
		SolutionGuid = {23E08C40-E580-498B-9A37-524AAAD3F545}
	EndGlobalSection
EndGlobal
